// !$*UTF8*$!
{
	archiveVersion = 1;
	classes = {
	};
	objectVersion = 46;
	objects = {

/* Begin PBXBuildFile section */
		260BE09A256D52B000EE9E73 /* AppDelegate.swift in Sources */ = {isa = PBXBuildFile; fileRef = 260BE099256D52B000EE9E73 /* AppDelegate.swift */; };
		260BE09C256D52B000EE9E73 /* ViewController.swift in Sources */ = {isa = PBXBuildFile; fileRef = 260BE09B256D52B000EE9E73 /* ViewController.swift */; };
		260BE09F256D52B000EE9E73 /* Main.storyboard in Resources */ = {isa = PBXBuildFile; fileRef = 260BE09D256D52B000EE9E73 /* Main.storyboard */; };
		260BE0A1256D52B000EE9E73 /* Assets.xcassets in Resources */ = {isa = PBXBuildFile; fileRef = 260BE0A0256D52B000EE9E73 /* Assets.xcassets */; };
		260BE0A4256D52B000EE9E73 /* LaunchScreen.storyboard in Resources */ = {isa = PBXBuildFile; fileRef = 260BE0A2256D52B000EE9E73 /* LaunchScreen.storyboard */; };
		262372A9256D9E3B0038CE5A /* Concentration.swift in Sources */ = {isa = PBXBuildFile; fileRef = 262372A8256D9E3B0038CE5A /* Concentration.swift */; };
		262372AB256D9F650038CE5A /* Card.swift in Sources */ = {isa = PBXBuildFile; fileRef = 262372AA256D9F650038CE5A /* Card.swift */; };
/* End PBXBuildFile section */

/* Begin PBXFileReference section */
		260BE096256D52B000EE9E73 /* PracticaSwift.app */ = {isa = PBXFileReference; explicitFileType = wrapper.application; includeInIndex = 0; path = PracticaSwift.app; sourceTree = BUILT_PRODUCTS_DIR; };
		260BE099256D52B000EE9E73 /* AppDelegate.swift */ = {isa = PBXFileReference; lastKnownFileType = sourcecode.swift; path = AppDelegate.swift; sourceTree = "<group>"; };
		260BE09B256D52B000EE9E73 /* ViewController.swift */ = {isa = PBXFileReference; lastKnownFileType = sourcecode.swift; path = ViewController.swift; sourceTree = "<group>"; };
		260BE09E256D52B000EE9E73 /* Base */ = {isa = PBXFileReference; lastKnownFileType = file.storyboard; name = Base; path = Base.lproj/Main.storyboard; sourceTree = "<group>"; };
		260BE0A0256D52B000EE9E73 /* Assets.xcassets */ = {isa = PBXFileReference; lastKnownFileType = folder.assetcatalog; path = Assets.xcassets; sourceTree = "<group>"; };
		260BE0A3256D52B000EE9E73 /* Base */ = {isa = PBXFileReference; lastKnownFileType = file.storyboard; name = Base; path = Base.lproj/LaunchScreen.storyboard; sourceTree = "<group>"; };
		260BE0A5256D52B000EE9E73 /* Info.plist */ = {isa = PBXFileReference; lastKnownFileType = text.plist.xml; path = Info.plist; sourceTree = "<group>"; };
		262372A8256D9E3B0038CE5A /* Concentration.swift */ = {isa = PBXFileReference; fileEncoding = 4; lastKnownFileType = sourcecode.swift; path = Concentration.swift; sourceTree = "<group>"; };
		262372AA256D9F650038CE5A /* Card.swift */ = {isa = PBXFileReference; fileEncoding = 4; lastKnownFileType = sourcecode.swift; path = Card.swift; sourceTree = "<group>"; };
/* End PBXFileReference section */

/* Begin PBXFrameworksBuildPhase section */
		260BE093256D52B000EE9E73 /* Frameworks */ = {
			isa = PBXFrameworksBuildPhase;
			buildActionMask = 2147483647;
			files = (
			);
			runOnlyForDeploymentPostprocessing = 0;
		};
/* End PBXFrameworksBuildPhase section */

/* Begin PBXGroup section */
		260BE08D256D52B000EE9E73 = {
			isa = PBXGroup;
			children = (
				260BE098256D52B000EE9E73 /* PracticaSwift */,
				260BE097256D52B000EE9E73 /* Products */,
			);
			sourceTree = "<group>";
		};
		260BE097256D52B000EE9E73 /* Products */ = {
			isa = PBXGroup;
			children = (
				260BE096256D52B000EE9E73 /* PracticaSwift.app */,
			);
			name = Products;
			sourceTree = "<group>";
		};
		260BE098256D52B000EE9E73 /* PracticaSwift */ = {
			isa = PBXGroup;
			children = (
				260BE09B256D52B000EE9E73 /* ViewController.swift */,
				262372AA256D9F650038CE5A /* Card.swift */,
				260BE09D256D52B000EE9E73 /* Main.storyboard */,
				262372A8256D9E3B0038CE5A /* Concentration.swift */,
				260BE0AB256D5E0C00EE9E73 /* Supporting Files */,
				260BE0A5256D52B000EE9E73 /* Info.plist */,
			);
			path = PracticaSwift;
			sourceTree = "<group>";
		};
		260BE0AB256D5E0C00EE9E73 /* Supporting Files */ = {
			isa = PBXGroup;
			children = (
				260BE099256D52B000EE9E73 /* AppDelegate.swift */,
				260BE0A0256D52B000EE9E73 /* Assets.xcassets */,
				260BE0A2256D52B000EE9E73 /* LaunchScreen.storyboard */,
			);
			name = "Supporting Files";
			sourceTree = "<group>";
		};
/* End PBXGroup section */

/* Begin PBXNativeTarget section */
		260BE095256D52B000EE9E73 /* PracticaSwift */ = {
			isa = PBXNativeTarget;
			buildConfigurationList = 260BE0A8256D52B000EE9E73 /* Build configuration list for PBXNativeTarget "PracticaSwift" */;
			buildPhases = (
				260BE092256D52B000EE9E73 /* Sources */,
				260BE093256D52B000EE9E73 /* Frameworks */,
				260BE094256D52B000EE9E73 /* Resources */,
			);
			buildRules = (
			);
			dependencies = (
			);
			name = PracticaSwift;
			productName = PracticaSwift;
			productReference = 260BE096256D52B000EE9E73 /* PracticaSwift.app */;
			productType = "com.apple.product-type.application";
		};
/* End PBXNativeTarget section */

/* Begin PBXProject section */
		260BE08E256D52B000EE9E73 /* Project object */ = {
			isa = PBXProject;
			attributes = {
				LastSwiftUpdateCheck = 0720;
				LastUpgradeCheck = 0720;
				ORGANIZATIONNAME = PILI;
				TargetAttributes = {
					260BE095256D52B000EE9E73 = {
						CreatedOnToolsVersion = 7.2.1;
					};
				};
			};
			buildConfigurationList = 260BE091256D52B000EE9E73 /* Build configuration list for PBXProject "PracticaSwift" */;
			compatibilityVersion = "Xcode 3.2";
			developmentRegion = English;
			hasScannedForEncodings = 0;
			knownRegions = (
				en,
				Base,
			);
			mainGroup = 260BE08D256D52B000EE9E73;
			productRefGroup = 260BE097256D52B000EE9E73 /* Products */;
			projectDirPath = "";
			projectRoot = "";
			targets = (
				260BE095256D52B000EE9E73 /* PracticaSwift */,
			);
		};
/* End PBXProject section */

/* Begin PBXResourcesBuildPhase section */
		260BE094256D52B000EE9E73 /* Resources */ = {
			isa = PBXResourcesBuildPhase;
			buildActionMask = 2147483647;
			files = (
				260BE0A4256D52B000EE9E73 /* LaunchScreen.storyboard in Resources */,
				260BE0A1256D52B000EE9E73 /* Assets.xcassets in Resources */,
				260BE09F256D52B000EE9E73 /* Main.storyboard in Resources */,
			);
			runOnlyForDeploymentPostprocessing = 0;
		};
/* End PBXResourcesBuildPhase section */

/* Begin PBXSourcesBuildPhase section */
		260BE092256D52B000EE9E73 /* Sources */ = {
			isa = PBXSourcesBuildPhase;
			buildActionMask = 2147483647;
			files = (
				260BE09C256D52B000EE9E73 /* ViewController.swift in Sources */,
				260BE09A256D52B000EE9E73 /* AppDelegate.swift in Sources */,
				262372A9256D9E3B0038CE5A /* Concentration.swift in Sources */,
				262372AB256D9F650038CE5A /* Card.swift in Sources */,
			);
			runOnlyForDeploymentPostprocessing = 0;
		};
/* End PBXSourcesBuildPhase section */

/* Begin PBXVariantGroup section */
		260BE09D256D52B000EE9E73 /* Main.storyboard */ = {
			isa = PBXVariantGroup;
			children = (
				260BE09E256D52B000EE9E73 /* Base */,
			);
			name = Main.storyboard;
			sourceTree = "<group>";
		};
		260BE0A2256D52B000EE9E73 /* LaunchScreen.storyboard */ = {
			isa = PBXVariantGroup;
			children = (
				260BE0A3256D52B000EE9E73 /* Base */,
			);
			name = LaunchScreen.storyboard;
			sourceTree = "<group>";
		};
/* End PBXVariantGroup section */

/* Begin XCBuildConfiguration section */
		260BE0A6256D52B000EE9E73 /* Debug */ = {
			isa = XCBuildConfiguration;
			buildSettings = {
				ALWAYS_SEARCH_USER_PATHS = NO;
				CLANG_CXX_LANGUAGE_STANDARD = "gnu++0x";
				CLANG_CXX_LIBRARY = "libc++";
				CLANG_ENABLE_MODULES = YES;
				CLANG_ENABLE_OBJC_ARC = YES;
				CLANG_WARN_BOOL_CONVERSION = YES;
				CLANG_WARN_CONSTANT_CONVERSION = YES;
				CLANG_WARN_DIRECT_OBJC_ISA_USAGE = YES_ERROR;
				CLANG_WARN_EMPTY_BODY = YES;
				CLANG_WARN_ENUM_CONVERSION = YES;
				CLANG_WARN_INT_CONVERSION = YES;
				CLANG_WARN_OBJC_ROOT_CLASS = YES_ERROR;
				CLANG_WARN_UNREACHABLE_CODE = YES;
				CLANG_WARN__DUPLICATE_METHOD_MATCH = YES;
				"CODE_SIGN_IDENTITY[sdk=iphoneos*]" = "iPhone Developer";
				COPY_PHASE_STRIP = NO;
				DEBUG_INFORMATION_FORMAT = dwarf;
				ENABLE_STRICT_OBJC_MSGSEND = YES;
				ENABLE_TESTABILITY = YES;
				GCC_C_LANGUAGE_STANDARD = gnu99;
				GCC_DYNAMIC_NO_PIC = NO;
				GCC_NO_COMMON_BLOCKS = YES;
				GCC_OPTIMIZATION_LEVEL = 0;
				GCC_PREPROCESSOR_DEFINITIONS = (
					"DEBUG=1",
					"$(inherited)",
				);
				GCC_WARN_64_TO_32_BIT_CONVERSION = YES;
				GCC_WARN_ABOUT_RETURN_TYPE = YES_ERROR;
				GCC_WARN_UNDECLARED_SELECTOR = YES;
				GCC_WARN_UNINITIALIZED_AUTOS = YES_AGGRESSIVE;
				GCC_WARN_UNUSED_FUNCTION = YES;
				GCC_WARN_UNUSED_VARIABLE = YES;
				IPHONEOS_DEPLOYMENT_TARGET = 9.2;
				MTL_ENABLE_DEBUG_INFO = YES;
				ONLY_ACTIVE_ARCH = YES;
				SDKROOT = iphoneos;
				SWIFT_OPTIMIZATION_LEVEL = "-Onone";
				TARGETED_DEVICE_FAMILY = "1,2";
			};
			name = Debug;
		};
		260BE0A7256D52B000EE9E73 /* Release */ = {
			isa = XCBuildConfiguration;
			buildSettings = {
				ALWAYS_SEARCH_USER_PATHS = NO;
				CLANG_CXX_LANGUAGE_STANDARD = "gnu++0x";
				CLANG_CXX_LIBRARY = "libc++";
				CLANG_ENABLE_MODULES = YES;
				CLANG_ENABLE_OBJC_ARC = YES;
				CLANG_WARN_BOOL_CONVERSION = YES;
				CLANG_WARN_CONSTANT_CONVERSION = YES;
				CLANG_WARN_DIRECT_OBJC_ISA_USAGE = YES_ERROR;
				CLANG_WARN_EMPTY_BODY = YES;
				CLANG_WARN_ENUM_CONVERSION = YES;
				CLANG_WARN_INT_CONVERSION = YES;
				CLANG_WARN_OBJC_ROOT_CLASS = YES_ERROR;
				CLANG_WARN_UNREACHABLE_CODE = YES;
				CLANG_WARN__DUPLICATE_METHOD_MATCH = YES;
				"CODE_SIGN_IDENTITY[sdk=iphoneos*]" = "iPhone Developer";
				COPY_PHASE_STRIP = NO;
				DEBUG_INFORMATION_FORMAT = "dwarf-with-dsym";
				ENABLE_NS_ASSERTIONS = NO;
				ENABLE_STRICT_OBJC_MSGSEND = YES;
				GCC_C_LANGUAGE_STANDARD = gnu99;
				GCC_NO_COMMON_BLOCKS = YES;
				GCC_WARN_64_TO_32_BIT_CONVERSION = YES;
				GCC_WARN_ABOUT_RETURN_TYPE = YES_ERROR;
				GCC_WARN_UNDECLARED_SELECTOR = YES;
				GCC_WARN_UNINITIALIZED_AUTOS = YES_AGGRESSIVE;
				GCC_WARN_UNUSED_FUNCTION = YES;
				GCC_WARN_UNUSED_VARIABLE = YES;
				IPHONEOS_DEPLOYMENT_TARGET = 9.2;
				MTL_ENABLE_DEBUG_INFO = NO;
				SDKROOT = iphoneos;
				TARGETED_DEVICE_FAMILY = "1,2";
				VALIDATE_PRODUCT = YES;
			};
			name = Release;
		};
		260BE0A9256D52B000EE9E73 /* Debug */ = {
			isa = XCBuildConfiguration;
			buildSettings = {
				ASSETCATALOG_COMPILER_APPICON_NAME = AppIcon;
				INFOPLIST_FILE = PracticaSwift/Info.plist;
				LD_RUNPATH_SEARCH_PATHS = "$(inherited) @executable_path/Frameworks";
				PRODUCT_BUNDLE_IDENTIFIER = nobly.PracticaSwift;
				PRODUCT_NAME = "$(TARGET_NAME)";
			};
			name = Debug;
		};
		260BE0AA256D52B000EE9E73 /* Release */ = {
			isa = XCBuildConfiguration;
			buildSettings = {
				ASSETCATALOG_COMPILER_APPICON_NAME = AppIcon;
				INFOPLIST_FILE = PracticaSwift/Info.plist;
				LD_RUNPATH_SEARCH_PATHS = "$(inherited) @executable_path/Frameworks";
				PRODUCT_BUNDLE_IDENTIFIER = nobly.PracticaSwift;
				PRODUCT_NAME = "$(TARGET_NAME)";
			};
			name = Release;
		};
/* End XCBuildConfiguration section */

/* Begin XCConfigurationList section */
		260BE091256D52B000EE9E73 /* Build configuration list for PBXProject "PracticaSwift" */ = {
			isa = XCConfigurationList;
			buildConfigurations = (
				260BE0A6256D52B000EE9E73 /* Debug */,
				260BE0A7256D52B000EE9E73 /* Release */,
			);
			defaultConfigurationIsVisible = 0;
			defaultConfigurationName = Release;
		};
		260BE0A8256D52B000EE9E73 /* Build configuration list for PBXNativeTarget "PracticaSwift" */ = {
			isa = XCConfigurationList;
			buildConfigurations = (
				260BE0A9256D52B000EE9E73 /* Debug */,
				260BE0AA256D52B000EE9E73 /* Release */,
			);
			defaultConfigurationIsVisible = 0;
			defaultConfigurationName = Release;
		};
/* End XCConfigurationList section */
	};
	rootObject = 260BE08E256D52B000EE9E73 /* Project object */;
}
